
Microsoft Visual Studio Solution File, Format Version 12.00
# Visual Studio Version 17
VisualStudioVersion = 17.0.31903.59
MinimumVisualStudioVersion = 10.0.40219.1
Project("{2150E333-8FDC-42A3-9474-1A3956D46DE8}") = "src", "src", "{827E0CD3-B72D-47B6-A68D-7590B98EB39B}"
EndProject
Project("{2150E333-8FDC-42A3-9474-1A3956D46DE8}") = "Core", "Core", "{8D626EA8-CB54-BC41-363A-217881BEBA6E}"
EndProject
Project("{FAE04EC0-301F-11D3-BF4B-00C04F79EFBC}") = "InventoryManagement.Core", "src\Core\InventoryManagement.Core.csproj", "{D6C6F0A8-76F5-4B95-92A3-4F6EC92290C4}"
EndProject
Project("{2150E333-8FDC-42A3-9474-1A3956D46DE8}") = "Application", "Application", "{22BAF98C-8415-17C4-B26A-D537657BC863}"
EndProject
Project("{FAE04EC0-301F-11D3-BF4B-00C04F79EFBC}") = "InventoryManagement.Application", "src\Application\InventoryManagement.Application.csproj", "{2C579709-4ACB-4D0E-8535-A8C882822F9B}"
EndProject
Project("{2150E333-8FDC-42A3-9474-1A3956D46DE8}") = "Infrastructure", "Infrastructure", "{9048EB7F-3875-A59E-E36B-5BD4C6F2A282}"
EndProject
Project("{FAE04EC0-301F-11D3-BF4B-00C04F79EFBC}") = "InventoryManagement.Infrastructure", "src\Infrastructure\InventoryManagement.Infrastructure.csproj", "{1CE0204B-DE07-4991-BEC0-99DD772127CA}"
EndProject
Project("{2150E333-8FDC-42A3-9474-1A3956D46DE8}") = "Web", "Web", "{03997797-E7F5-0643-168D-B8EA7178C2FE}"
EndProject
Project("{FAE04EC0-301F-11D3-BF4B-00C04F79EFBC}") = "InventoryManagement.Web", "src\Web\InventoryManagement.Web.csproj", "{1DFD0BFF-2224-47A4-889A-061ECE1AAC72}"
EndProject
Global
	GlobalSection(SolutionConfigurationPlatforms) = preSolution
		Debug|Any CPU = Debug|Any CPU
		Debug|x64 = Debug|x64
		Debug|x86 = Debug|x86
		Release|Any CPU = Release|Any CPU
		Release|x64 = Release|x64
		Release|x86 = Release|x86
	EndGlobalSection
	GlobalSection(ProjectConfigurationPlatforms) = postSolution
		{D6C6F0A8-76F5-4B95-92A3-4F6EC92290C4}.Debug|Any CPU.ActiveCfg = Debug|Any CPU
		{D6C6F0A8-76F5-4B95-92A3-4F6EC92290C4}.Debug|Any CPU.Build.0 = Debug|Any CPU
		{D6C6F0A8-76F5-4B95-92A3-4F6EC92290C4}.Debug|x64.ActiveCfg = Debug|Any CPU
		{D6C6F0A8-76F5-4B95-92A3-4F6EC92290C4}.Debug|x64.Build.0 = Debug|Any CPU
		{D6C6F0A8-76F5-4B95-92A3-4F6EC92290C4}.Debug|x86.ActiveCfg = Debug|Any CPU
		{D6C6F0A8-76F5-4B95-92A3-4F6EC92290C4}.Debug|x86.Build.0 = Debug|Any CPU
		{D6C6F0A8-76F5-4B95-92A3-4F6EC92290C4}.Release|Any CPU.ActiveCfg = Release|Any CPU
		{D6C6F0A8-76F5-4B95-92A3-4F6EC92290C4}.Release|Any CPU.Build.0 = Release|Any CPU
		{D6C6F0A8-76F5-4B95-92A3-4F6EC92290C4}.Release|x64.ActiveCfg = Release|Any CPU
		{D6C6F0A8-76F5-4B95-92A3-4F6EC92290C4}.Release|x64.Build.0 = Release|Any CPU
		{D6C6F0A8-76F5-4B95-92A3-4F6EC92290C4}.Release|x86.ActiveCfg = Release|Any CPU
		{D6C6F0A8-76F5-4B95-92A3-4F6EC92290C4}.Release|x86.Build.0 = Release|Any CPU
		{2C579709-4ACB-4D0E-8535-A8C882822F9B}.Debug|Any CPU.ActiveCfg = Debug|Any CPU
		{2C579709-4ACB-4D0E-8535-A8C882822F9B}.Debug|Any CPU.Build.0 = Debug|Any CPU
		{2C579709-4ACB-4D0E-8535-A8C882822F9B}.Debug|x64.ActiveCfg = Debug|Any CPU
		{2C579709-4ACB-4D0E-8535-A8C882822F9B}.Debug|x64.Build.0 = Debug|Any CPU
		{2C579709-4ACB-4D0E-8535-A8C882822F9B}.Debug|x86.ActiveCfg = Debug|Any CPU
		{2C579709-4ACB-4D0E-8535-A8C882822F9B}.Debug|x86.Build.0 = Debug|Any CPU
		{2C579709-4ACB-4D0E-8535-A8C882822F9B}.Release|Any CPU.ActiveCfg = Release|Any CPU
		{2C579709-4ACB-4D0E-8535-A8C882822F9B}.Release|Any CPU.Build.0 = Release|Any CPU
		{2C579709-4ACB-4D0E-8535-A8C882822F9B}.Release|x64.ActiveCfg = Release|Any CPU
		{2C579709-4ACB-4D0E-8535-A8C882822F9B}.Release|x64.Build.0 = Release|Any CPU
		{2C579709-4ACB-4D0E-8535-A8C882822F9B}.Release|x86.ActiveCfg = Release|Any CPU
		{2C579709-4ACB-4D0E-8535-A8C882822F9B}.Release|x86.Build.0 = Release|Any CPU
		{1CE0204B-DE07-4991-BEC0-99DD772127CA}.Debug|Any CPU.ActiveCfg = Debug|Any CPU
		{1CE0204B-DE07-4991-BEC0-99DD772127CA}.Debug|Any CPU.Build.0 = Debug|Any CPU
		{1CE0204B-DE07-4991-BEC0-99DD772127CA}.Debug|x64.ActiveCfg = Debug|Any CPU
		{1CE0204B-DE07-4991-BEC0-99DD772127CA}.Debug|x64.Build.0 = Debug|Any CPU
		{1CE0204B-DE07-4991-BEC0-99DD772127CA}.Debug|x86.ActiveCfg = Debug|Any CPU
		{1CE0204B-DE07-4991-BEC0-99DD772127CA}.Debug|x86.Build.0 = Debug|Any CPU
		{1CE0204B-DE07-4991-BEC0-99DD772127CA}.Release|Any CPU.ActiveCfg = Release|Any CPU
		{1CE0204B-DE07-4991-BEC0-99DD772127CA}.Release|Any CPU.Build.0 = Release|Any CPU
		{1CE0204B-DE07-4991-BEC0-99DD772127CA}.Release|x64.ActiveCfg = Release|Any CPU
		{1CE0204B-DE07-4991-BEC0-99DD772127CA}.Release|x64.Build.0 = Release|Any CPU
		{1CE0204B-DE07-4991-BEC0-99DD772127CA}.Release|x86.ActiveCfg = Release|Any CPU
		{1CE0204B-DE07-4991-BEC0-99DD772127CA}.Release|x86.Build.0 = Release|Any CPU
		{1DFD0BFF-2224-47A4-889A-061ECE1AAC72}.Debug|Any CPU.ActiveCfg = Debug|Any CPU
		{1DFD0BFF-2224-47A4-889A-061ECE1AAC72}.Debug|Any CPU.Build.0 = Debug|Any CPU
		{1DFD0BFF-2224-47A4-889A-061ECE1AAC72}.Debug|x64.ActiveCfg = Debug|Any CPU
		{1DFD0BFF-2224-47A4-889A-061ECE1AAC72}.Debug|x64.Build.0 = Debug|Any CPU
		{1DFD0BFF-2224-47A4-889A-061ECE1AAC72}.Debug|x86.ActiveCfg = Debug|Any CPU
		{1DFD0BFF-2224-47A4-889A-061ECE1AAC72}.Debug|x86.Build.0 = Debug|Any CPU
		{1DFD0BFF-2224-47A4-889A-061ECE1AAC72}.Release|Any CPU.ActiveCfg = Release|Any CPU
		{1DFD0BFF-2224-47A4-889A-061ECE1AAC72}.Release|Any CPU.Build.0 = Release|Any CPU
		{1DFD0BFF-2224-47A4-889A-061ECE1AAC72}.Release|x64.ActiveCfg = Release|Any CPU
		{1DFD0BFF-2224-47A4-889A-061ECE1AAC72}.Release|x64.Build.0 = Release|Any CPU
		{1DFD0BFF-2224-47A4-889A-061ECE1AAC72}.Release|x86.ActiveCfg = Release|Any CPU
		{1DFD0BFF-2224-47A4-889A-061ECE1AAC72}.Release|x86.Build.0 = Release|Any CPU
	EndGlobalSection
	GlobalSection(SolutionProperties) = preSolution
		HideSolutionNode = FALSE
	EndGlobalSection
	GlobalSection(NestedProjects) = preSolution
		{8D626EA8-CB54-BC41-363A-217881BEBA6E} = {827E0CD3-B72D-47B6-A68D-7590B98EB39B}
		{D6C6F0A8-76F5-4B95-92A3-4F6EC92290C4} = {8D626EA8-CB54-BC41-363A-217881BEBA6E}
		{22BAF98C-8415-17C4-B26A-D537657BC863} = {827E0CD3-B72D-47B6-A68D-7590B98EB39B}
		{2C579709-4ACB-4D0E-8535-A8C882822F9B} = {22BAF98C-8415-17C4-B26A-D537657BC863}
		{9048EB7F-3875-A59E-E36B-5BD4C6F2A282} = {827E0CD3-B72D-47B6-A68D-7590B98EB39B}
		{1CE0204B-DE07-4991-BEC0-99DD772127CA} = {9048EB7F-3875-A59E-E36B-5BD4C6F2A282}
		{03997797-E7F5-0643-168D-B8EA7178C2FE} = {827E0CD3-B72D-47B6-A68D-7590B98EB39B}
		{1DFD0BFF-2224-47A4-889A-061ECE1AAC72} = {03997797-E7F5-0643-168D-B8EA7178C2FE}
	EndGlobalSection
	GlobalSection(ExtensibilityGlobals) = postSolution
		SolutionGuid = {E6769875-1B9B-4E8F-B440-F1CA92871105}
	EndGlobalSection
EndGlobal
